
Microsoft Visual Studio Solution File, Format Version 12.00
# Visual Studio Version 16
VisualStudioVersion = 16.0.31729.503
MinimumVisualStudioVersion = 10.0.40219.1
Project("{FAE04EC0-301F-11D3-BF4B-00C04F79EFBC}") = "git", "git\git.csproj", "{96B9D55F-D710-4AD4-9A59-844C6F4FCA9C}"
EndProject
Global
	GlobalSection(SolutionConfigurationPlatforms) = preSolution
		Debug|Any CPU = Debug|Any CPU
		Release|Any CPU = Release|Any CPU
	EndGlobalSection
	GlobalSection(ProjectConfigurationPlatforms) = postSolution
		{96B9D55F-D710-4AD4-9A59-844C6F4FCA9C}.Debug|Any CPU.ActiveCfg = Debug|Any CPU
		{96B9D55F-D710-4AD4-9A59-844C6F4FCA9C}.Debug|Any CPU.Build.0 = Debug|Any CPU
		{96B9D55F-D710-4AD4-9A59-844C6F4FCA9C}.Release|Any CPU.ActiveCfg = Release|Any CPU
		{96B9D55F-D710-4AD4-9A59-844C6F4FCA9C}.Release|Any CPU.Build.0 = Release|Any CPU
	EndGlobalSection
	GlobalSection(SolutionProperties) = preSolution
		HideSolutionNode = FALSE
	EndGlobalSection
	GlobalSection(ExtensibilityGlobals) = postSolution
		SolutionGuid = {3273F08F-3BD7-402D-A1CE-1E606D502260}
	EndGlobalSection
EndGlobal
